
Microsoft Visual Studio Solution File, Format Version 12.00
# Visual Studio Version 17
VisualStudioVersion = 17.7.34024.191
MinimumVisualStudioVersion = 10.0.40219.1
Project("{9A19103F-16F7-4668-BE54-9A1E7A4F7556}") = "Application", "src\Application\Application.csproj", "{F44D919F-BF25-4E09-A373-BEDD5E2873A0}"
EndProject
Project("{9A19103F-16F7-4668-BE54-9A1E7A4F7556}") = "Domain", "src\Domain\Domain.csproj", "{AB3AC371-63B3-4069-AD02-67E1E33A42ED}"
EndProject
Project("{9A19103F-16F7-4668-BE54-9A1E7A4F7556}") = "Infrastructure", "src\Infrastructure\Infrastructure.csproj", "{FB90008F-7E25-4674-BF65-17856CEC59CB}"
EndProject
Project("{9A19103F-16F7-4668-BE54-9A1E7A4F7556}") = "WebApi", "src\WebApi\WebApi.csproj", "{1FED127D-6B50-458A-B51A-364F64E9409D}"
EndProject
Project("{9A19103F-16F7-4668-BE54-9A1E7A4F7556}") = "Wasm", "src\Wasm\Wasm.csproj", "{1F9852F8-17C3-4FF3-8B01-59F4F298BD21}"
EndProject
Global
	GlobalSection(SolutionConfigurationPlatforms) = preSolution
		Debug|Any CPU = Debug|Any CPU
		Release|Any CPU = Release|Any CPU
	EndGlobalSection
	GlobalSection(ProjectConfigurationPlatforms) = postSolution
		{F44D919F-BF25-4E09-A373-BEDD5E2873A0}.Debug|Any CPU.ActiveCfg = Debug|Any CPU
		{F44D919F-BF25-4E09-A373-BEDD5E2873A0}.Debug|Any CPU.Build.0 = Debug|Any CPU
		{F44D919F-BF25-4E09-A373-BEDD5E2873A0}.Release|Any CPU.ActiveCfg = Release|Any CPU
		{F44D919F-BF25-4E09-A373-BEDD5E2873A0}.Release|Any CPU.Build.0 = Release|Any CPU
		{AB3AC371-63B3-4069-AD02-67E1E33A42ED}.Debug|Any CPU.ActiveCfg = Debug|Any CPU
		{AB3AC371-63B3-4069-AD02-67E1E33A42ED}.Debug|Any CPU.Build.0 = Debug|Any CPU
		{AB3AC371-63B3-4069-AD02-67E1E33A42ED}.Release|Any CPU.ActiveCfg = Release|Any CPU
		{AB3AC371-63B3-4069-AD02-67E1E33A42ED}.Release|Any CPU.Build.0 = Release|Any CPU
		{FB90008F-7E25-4674-BF65-17856CEC59CB}.Debug|Any CPU.ActiveCfg = Debug|Any CPU
		{FB90008F-7E25-4674-BF65-17856CEC59CB}.Debug|Any CPU.Build.0 = Debug|Any CPU
		{FB90008F-7E25-4674-BF65-17856CEC59CB}.Release|Any CPU.ActiveCfg = Release|Any CPU
		{FB90008F-7E25-4674-BF65-17856CEC59CB}.Release|Any CPU.Build.0 = Release|Any CPU
		{1FED127D-6B50-458A-B51A-364F64E9409D}.Debug|Any CPU.ActiveCfg = Debug|Any CPU
		{1FED127D-6B50-458A-B51A-364F64E9409D}.Debug|Any CPU.Build.0 = Debug|Any CPU
		{1FED127D-6B50-458A-B51A-364F64E9409D}.Release|Any CPU.ActiveCfg = Release|Any CPU
		{1FED127D-6B50-458A-B51A-364F64E9409D}.Release|Any CPU.Build.0 = Release|Any CPU
		{1F9852F8-17C3-4FF3-8B01-59F4F298BD21}.Debug|Any CPU.ActiveCfg = Debug|Any CPU
		{1F9852F8-17C3-4FF3-8B01-59F4F298BD21}.Debug|Any CPU.Build.0 = Debug|Any CPU
		{1F9852F8-17C3-4FF3-8B01-59F4F298BD21}.Release|Any CPU.ActiveCfg = Release|Any CPU
		{1F9852F8-17C3-4FF3-8B01-59F4F298BD21}.Release|Any CPU.Build.0 = Release|Any CPU
	EndGlobalSection
	GlobalSection(SolutionProperties) = preSolution
		HideSolutionNode = FALSE
	EndGlobalSection
	GlobalSection(ExtensibilityGlobals) = postSolution
		SolutionGuid = {42D00F76-C6B0-4529-94B5-FD4CCC5D0927}
	EndGlobalSection
EndGlobal
